
Microsoft Visual Studio Solution File, Format Version 12.00
# Visual Studio 2010
Project("{FAE04EC0-301F-11D3-BF4B-00C04F79EFBC}") = "CampaignsReport", "CampaignsReport.csproj", "{920390F0-4EE9-4352-AEE4-2B8F5A8CB8D0}"
EndProject
Project("{FAE04EC0-301F-11D3-BF4B-00C04F79EFBC}") = "MockServiceLibrary", "MockServiceLibrary\MockServiceLibrary.csproj", "{FAB768D2-1E4D-4B29-ACAD-A8086EB6C88A}"
EndProject
Project("{FAE04EC0-301F-11D3-BF4B-00C04F79EFBC}") = "GridUIControl", "GridUIControl\GridUIControl.csproj", "{77569753-8D89-4F98-996A-52F74BEC2C58}"
EndProject
Project("{FAE04EC0-301F-11D3-BF4B-00C04F79EFBC}") = "GridPresentor", "GridPresentor\GridPresentor\GridPresentor.csproj", "{2FC0D129-1109-4478-8160-B517641BC0B1}"
EndProject
Global
	GlobalSection(SolutionConfigurationPlatforms) = preSolution
		Debug|Any CPU = Debug|Any CPU
		Release|Any CPU = Release|Any CPU
	EndGlobalSection
	GlobalSection(ProjectConfigurationPlatforms) = postSolution
		{920390F0-4EE9-4352-AEE4-2B8F5A8CB8D0}.Debug|Any CPU.ActiveCfg = Debug|Any CPU
		{920390F0-4EE9-4352-AEE4-2B8F5A8CB8D0}.Debug|Any CPU.Build.0 = Debug|Any CPU
		{920390F0-4EE9-4352-AEE4-2B8F5A8CB8D0}.Release|Any CPU.ActiveCfg = Release|Any CPU
		{920390F0-4EE9-4352-AEE4-2B8F5A8CB8D0}.Release|Any CPU.Build.0 = Release|Any CPU
		{FAB768D2-1E4D-4B29-ACAD-A8086EB6C88A}.Debug|Any CPU.ActiveCfg = Debug|Any CPU
		{FAB768D2-1E4D-4B29-ACAD-A8086EB6C88A}.Debug|Any CPU.Build.0 = Debug|Any CPU
		{FAB768D2-1E4D-4B29-ACAD-A8086EB6C88A}.Release|Any CPU.ActiveCfg = Release|Any CPU
		{FAB768D2-1E4D-4B29-ACAD-A8086EB6C88A}.Release|Any CPU.Build.0 = Release|Any CPU
		{77569753-8D89-4F98-996A-52F74BEC2C58}.Debug|Any CPU.ActiveCfg = Debug|Any CPU
		{77569753-8D89-4F98-996A-52F74BEC2C58}.Debug|Any CPU.Build.0 = Debug|Any CPU
		{77569753-8D89-4F98-996A-52F74BEC2C58}.Release|Any CPU.ActiveCfg = Release|Any CPU
		{77569753-8D89-4F98-996A-52F74BEC2C58}.Release|Any CPU.Build.0 = Release|Any CPU
		{2FC0D129-1109-4478-8160-B517641BC0B1}.Debug|Any CPU.ActiveCfg = Debug|Any CPU
		{2FC0D129-1109-4478-8160-B517641BC0B1}.Debug|Any CPU.Build.0 = Debug|Any CPU
		{2FC0D129-1109-4478-8160-B517641BC0B1}.Release|Any CPU.ActiveCfg = Release|Any CPU
		{2FC0D129-1109-4478-8160-B517641BC0B1}.Release|Any CPU.Build.0 = Release|Any CPU
	EndGlobalSection
	GlobalSection(SolutionProperties) = preSolution
		HideSolutionNode = FALSE
	EndGlobalSection
EndGlobal
